<?xml version="1.0" encoding="utf-8"?>
<Project ToolsVersion="4.0" xmlns="http://schemas.microsoft.com/developer/msbuild/2003">
  <ItemGroup>
    <Filter Include="Resource Files">
      <UniqueIdentifier>{67DA6AB6-F800-4c08-8B7A-83BB121AAD01}</UniqueIdentifier>
      <Extensions>rc;ico;cur;bmp;dlg;rc2;rct;bin;rgs;gif;jpg;jpeg;jpe;resx;tiff;tif;png;wav;mfcribbon-ms</Extensions>
    </Filter>
    <Filter Include="Hardware">
      <UniqueIdentifier>{7b3354ca-707d-4515-adf7-9e6d64ee2537}</UniqueIdentifier>
    </Filter>
    <Filter Include="BehaviourTree">
      <UniqueIdentifier>{f05bce77-b755-4ba6-893f-b36b1a0fb75c}</UniqueIdentifier>
    </Filter>
    <Filter Include="Behaviour">
      <UniqueIdentifier>{2b55e0f4-8e1c-477d-884c-546e3a25cf2e}</UniqueIdentifier>
    </Filter>
    <Filter Include="Hardware\BufferSerial">
      <UniqueIdentifier>{d8a8fc80-b1f5-410b-8636-631eb7360914}</UniqueIdentifier>
    </Filter>
    <Filter Include="Hardware\Sabertooth">
      <UniqueIdentifier>{70825e03-8ff6-4f21-acf0-b7d34cd28cd3}</UniqueIdentifier>
    </Filter>
    <Filter Include="Services">
      <UniqueIdentifier>{b814e41c-672a-4995-8fbb-1d73684b27bb}</UniqueIdentifier>
    </Filter>
    <Filter Include="Helpers">
      <UniqueIdentifier>{a89ce771-4b2a-4203-9dff-d04767bd0977}</UniqueIdentifier>
    </Filter>
    <Filter Include="Helpers\RunningMedian">
      <UniqueIdentifier>{07c27ac5-e2d6-4318-b3c2-be99ca7423cf}</UniqueIdentifier>
    </Filter>
    <Filter Include="Services\Sensors">
      <UniqueIdentifier>{bf5afbca-c7dc-40f7-b98d-d57edd31c61e}</UniqueIdentifier>
    </Filter>
    <Filter Include="Helpers\Thread">
      <UniqueIdentifier>{0c2629ed-fbc8-442f-af75-a44273b180f7}</UniqueIdentifier>
    </Filter>
    <Filter Include="Services\Motors">
      <UniqueIdentifier>{4966d3a6-ec83-4001-bebc-97cd2b0e93d8}</UniqueIdentifier>
    </Filter>
    <Filter Include="Helpers\FreeRam">
      <UniqueIdentifier>{1a4f9797-1c3a-4910-9470-272034afbbac}</UniqueIdentifier>
    </Filter>
    <Filter Include="Services\cmd">
      <UniqueIdentifier>{f5fdea05-7608-4fb7-b25b-4ff58a0f2453}</UniqueIdentifier>
    </Filter>
    <Filter Include="Helpers\Bluetooth">
      <UniqueIdentifier>{ba95c8e9-1b1e-4a30-8154-f12c6dd1ecf3}</UniqueIdentifier>
    </Filter>
    <Filter Include="Hardware\Pinman">
      <UniqueIdentifier>{6d4875db-0051-4321-8ff0-2855a4530797}</UniqueIdentifier>
    </Filter>
    <Filter Include="Hardware\MC33926">
      <UniqueIdentifier>{06631fff-2b32-41ee-99c7-180750071175}</UniqueIdentifier>
    </Filter>
    <Filter Include="Hardware\CRotaryEncoder">
      <UniqueIdentifier>{1b43a5e8-ee9e-415f-ad53-ca7dff885152}</UniqueIdentifier>
    </Filter>
    <Filter Include="Hardware\InOutInterface">
      <UniqueIdentifier>{c15d918f-0741-4e17-9744-c92d2bc10841}</UniqueIdentifier>
    </Filter>
    <Filter Include="Hardware\adcman">
      <UniqueIdentifier>{b7e702cc-3ac2-40fb-9091-13b6e42c5923}</UniqueIdentifier>
    </Filter>
    <Filter Include="Hardware\ErrorHandler">
      <UniqueIdentifier>{7e14d6cb-59e1-4b41-9e50-5fbdf7a63cb8}</UniqueIdentifier>
    </Filter>
    <Filter Include="Services\RTC">
      <UniqueIdentifier>{14356208-b8f2-4839-a196-70bed5bb2ebb}</UniqueIdentifier>
    </Filter>
    <Filter Include="Services\EEPROM">
      <UniqueIdentifier>{18a6da23-5d0b-4435-8855-b8889f60da5d}</UniqueIdentifier>
    </Filter>
    <Filter Include="Services\Sensors\Perimeter">
      <UniqueIdentifier>{4088e25e-d42b-4a01-8ee7-4542acca37c8}</UniqueIdentifier>
    </Filter>
    <Filter Include="Hardware\DueTimer">
      <UniqueIdentifier>{97b47d71-b4a7-475d-81d4-8cd0a8f3bd3f}</UniqueIdentifier>
    </Filter>
    <Filter Include="Services\Buzzer">
      <UniqueIdentifier>{9c74167a-150b-4080-93d1-cd739f846abe}</UniqueIdentifier>
    </Filter>
  </ItemGroup>
  <ItemGroup>
    <ClInclude Include="BufferSerial.h">
      <Filter>Hardware\BufferSerial</Filter>
    </ClInclude>
    <ClInclude Include="hardware.h">
      <Filter>Hardware</Filter>
    </ClInclude>
    <ClInclude Include="Sabertooth.h">
      <Filter>Hardware\Sabertooth</Filter>
    </ClInclude>
    <ClInclude Include="RunningMedian.h">
      <Filter>Helpers\RunningMedian</Filter>
    </ClInclude>
    <ClInclude Include="FreeRam.h">
      <Filter>Helpers\FreeRam</Filter>
    </ClInclude>
    <ClInclude Include="errorhandler.h">
      <Filter>Hardware\ErrorHandler</Filter>
    </ClInclude>
    <ClInclude Include="RingBufferChar.h">
      <Filter>Hardware\ErrorHandler</Filter>
    </ClInclude>
    <ClInclude Include="Thread.h">
      <Filter>Helpers\Thread</Filter>
    </ClInclude>
    <ClInclude Include="ThreadController.h">
      <Filter>Helpers\Thread</Filter>
    </ClInclude>
    <ClInclude Include="closedloopcontrol.h">
      <Filter>Services\Motors</Filter>
    </ClInclude>
    <ClInclude Include="mowclosedloopcontrol.h">
      <Filter>Services\Motors</Filter>
    </ClInclude>
    <ClInclude Include="positioncontrol.h">
      <Filter>Services\Motors</Filter>
    </ClInclude>
    <ClInclude Include="motor.h">
      <Filter>Services\Motors</Filter>
    </ClInclude>
    <ClInclude Include="cmd.h">
      <Filter>Services\cmd</Filter>
    </ClInclude>
    <ClInclude Include="BehaviourTree.h">
      <Filter>BehaviourTree</Filter>
    </ClInclude>
    <ClInclude Include="NodeStack.h">
      <Filter>BehaviourTree</Filter>
    </ClInclude>
    <ClInclude Include="Blackboard.h" />
    <ClInclude Include="batterySensor.h">
      <Filter>Services\Sensors</Filter>
    </ClInclude>
    <ClInclude Include="bumperSensor.h">
      <Filter>Services\Sensors</Filter>
    </ClInclude>
    <ClInclude Include="chargeSystem.h">
      <Filter>Services\Sensors</Filter>
    </ClInclude>
    <ClInclude Include="mowmotorSensor.h">
      <Filter>Services\Sensors</Filter>
    </ClInclude>
    <ClInclude Include="rangeSensor.h">
      <Filter>Services\Sensors</Filter>
    </ClInclude>
    <ClInclude Include="bCharging.h">
      <Filter>Behaviour</Filter>
    </ClInclude>
    <ClInclude Include="bCheck2.h">
      <Filter>Behaviour</Filter>
    </ClInclude>
    <ClInclude Include="bConditions.h">
      <Filter>Behaviour</Filter>
    </ClInclude>
    <ClInclude Include="bCruise.h">
      <Filter>Behaviour</Filter>
    </ClInclude>
    <ClInclude Include="bDecorators.h">
      <Filter>Behaviour</Filter>
    </ClInclude>
    <ClInclude Include="behaviour.h">
      <Filter>Behaviour</Filter>
    </ClInclude>
    <ClInclude Include="bEscapeObstacle.h">
      <Filter>Behaviour</Filter>
    </ClInclude>
    <ClInclude Include="bEscapeOOP.h">
      <Filter>Behaviour</Filter>
    </ClInclude>
    <ClInclude Include="bFreeBumper.h">
      <Filter>Behaviour</Filter>
    </ClInclude>
    <ClInclude Include="bFreePerimeter.h">
      <Filter>Behaviour</Filter>
    </ClInclude>
    <ClInclude Include="bGotoAreaX.h">
      <Filter>Behaviour</Filter>
    </ClInclude>
    <ClInclude Include="bPerimeterTracking.h">
      <Filter>Behaviour</Filter>
    </ClInclude>
    <ClInclude Include="printSensordata.h" />
    <ClInclude Include="ui.h" />
    <ClInclude Include="bt.h">
      <Filter>Helpers\Bluetooth</Filter>
    </ClInclude>
    <ClInclude Include="pinman.h">
      <Filter>Hardware\Pinman</Filter>
    </ClInclude>
    <ClInclude Include="MC33926.h">
      <Filter>Hardware\MC33926</Filter>
    </ClInclude>
    <ClInclude Include="CRotaryEncoder.h">
      <Filter>Hardware\CRotaryEncoder</Filter>
    </ClInclude>
    <ClInclude Include="InOutInterface.h">
      <Filter>Hardware\InOutInterface</Filter>
    </ClInclude>
    <ClInclude Include="helpers.h">
      <Filter>Helpers</Filter>
    </ClInclude>
    <ClInclude Include="adcman.h">
      <Filter>Hardware\adcman</Filter>
    </ClInclude>
    <ClInclude Include="rtc.h">
      <Filter>Services\RTC</Filter>
    </ClInclude>
    <ClInclude Include="EEPROM.h">
      <Filter>Services\EEPROM</Filter>
    </ClInclude>
    <ClInclude Include="__vm\.Raindancer.vsarduino.h" />
    <ClInclude Include="motorSensor.h">
      <Filter>Services\Sensors</Filter>
    </ClInclude>
    <ClInclude Include="perimeter.h">
      <Filter>Services\Sensors\Perimeter</Filter>
    </ClInclude>
    <ClInclude Include="dsp.h">
      <Filter>Services\Sensors\Perimeter</Filter>
    </ClInclude>
    <ClInclude Include="PerimeterCoil.h">
      <Filter>Services\Sensors\Perimeter</Filter>
    </ClInclude>
    <ClInclude Include="config.h" />
    <ClInclude Include="bRotate.h">
      <Filter>Behaviour</Filter>
    </ClInclude>
    <ClInclude Include="DueTimer.h">
      <Filter>Hardware\DueTimer</Filter>
    </ClInclude>
    <ClInclude Include="buzzer.h">
      <Filter>Services\Buzzer</Filter>
    </ClInclude>
    <ClInclude Include="bRestoreHistory.h" />
    <ClInclude Include="DHT.h">
      <Filter>Services\Sensors</Filter>
    </ClInclude>
  </ItemGroup>
  <ItemGroup>
    <ClCompile Include="BufferSerial.cpp">
      <Filter>Hardware\BufferSerial</Filter>
    </ClCompile>
    <ClCompile Include="hardware.cpp">
      <Filter>Hardware</Filter>
    </ClCompile>
    <ClCompile Include="Sabertooth.cpp">
      <Filter>Hardware\Sabertooth</Filter>
    </ClCompile>
    <ClCompile Include="RunningMedian.cpp">
      <Filter>Helpers\RunningMedian</Filter>
    </ClCompile>
    <ClCompile Include="FreeRam.cpp">
      <Filter>Helpers\FreeRam</Filter>
    </ClCompile>
    <ClCompile Include="errorhandler.cpp">
      <Filter>Hardware\ErrorHandler</Filter>
    </ClCompile>
    <ClCompile Include="RingBufferChar.cpp">
      <Filter>Hardware\ErrorHandler</Filter>
    </ClCompile>
    <ClCompile Include="Thread.cpp">
      <Filter>Helpers\Thread</Filter>
    </ClCompile>
    <ClCompile Include="ThreadController.cpp">
      <Filter>Helpers\Thread</Filter>
    </ClCompile>
    <ClCompile Include="closedloopcontrol.cpp">
      <Filter>Services\Motors</Filter>
    </ClCompile>
    <ClCompile Include="mowclosedloopcontrol.cpp">
      <Filter>Services\Motors</Filter>
    </ClCompile>
    <ClCompile Include="positioncontrol.cpp">
      <Filter>Services\Motors</Filter>
    </ClCompile>
    <ClCompile Include="motor.cpp">
      <Filter>Services\Motors</Filter>
    </ClCompile>
    <ClCompile Include="cmd.cpp">
      <Filter>Services\cmd</Filter>
    </ClCompile>
    <ClCompile Include="BehaviourTree.cpp">
      <Filter>BehaviourTree</Filter>
    </ClCompile>
    <ClCompile Include="bumperSensor.cpp">
      <Filter>Services\Sensors</Filter>
    </ClCompile>
    <ClCompile Include="behaviour.cpp">
      <Filter>Behaviour</Filter>
    </ClCompile>
    <ClCompile Include="printSensordata.cpp" />
    <ClCompile Include="ui.cpp" />
    <ClCompile Include="Blackboard.cpp" />
    <ClCompile Include="bt.cpp">
      <Filter>Helpers\Bluetooth</Filter>
    </ClCompile>
    <ClCompile Include="pinman.cpp">
      <Filter>Hardware\Pinman</Filter>
    </ClCompile>
    <ClCompile Include="MC33926.cpp">
      <Filter>Hardware\MC33926</Filter>
    </ClCompile>
    <ClCompile Include="CRotaryEncoder.cpp">
      <Filter>Hardware\CRotaryEncoder</Filter>
    </ClCompile>
    <ClCompile Include="helpers.cpp">
      <Filter>Helpers</Filter>
    </ClCompile>
    <ClCompile Include="adcman.cpp">
      <Filter>Hardware\adcman</Filter>
    </ClCompile>
    <ClCompile Include="rtc.cpp">
      <Filter>Services\RTC</Filter>
    </ClCompile>
    <ClCompile Include="EEPROM.cpp">
      <Filter>Services\EEPROM</Filter>
    </ClCompile>
    <ClCompile Include="motorSensor.cpp">
      <Filter>Services\Sensors</Filter>
    </ClCompile>
    <ClCompile Include="perimeter.cpp">
      <Filter>Services\Sensors\Perimeter</Filter>
    </ClCompile>
    <ClCompile Include="dsp.cpp">
      <Filter>Services\Sensors\Perimeter</Filter>
    </ClCompile>
    <ClCompile Include="PerimeterCoil.cpp">
      <Filter>Services\Sensors\Perimeter</Filter>
    </ClCompile>
    <ClCompile Include="rangeSensor.cpp">
      <Filter>Services\Sensors</Filter>
    </ClCompile>
    <ClCompile Include="config.cpp" />
    <ClCompile Include="DueTimer.cpp">
      <Filter>Hardware\DueTimer</Filter>
    </ClCompile>
    <ClCompile Include="buzzer.cpp">
      <Filter>Services\Buzzer</Filter>
    </ClCompile>
    <ClCompile Include="bRestoreHistory.cpp" />
    <ClCompile Include="DHT.cpp">
      <Filter>Services\Sensors</Filter>
    </ClCompile>
  </ItemGroup>
  <ItemGroup>
    <None Include="Raindancer.ino" />
  </ItemGroup>
</Project>